// !$*UTF8*$!
{
	archiveVersion = 1;
	classes = {
	};
	objectVersion = 50;
	objects = {

/* Begin PBXBuildFile section */
		A7B4A225238C356B00D5EFC2 /* AppDelegate.swift in Sources */ = {isa = PBXBuildFile; fileRef = A7B4A224238C356B00D5EFC2 /* AppDelegate.swift */; };
		A7B4A227238C356B00D5EFC2 /* MasterViewController.swift in Sources */ = {isa = PBXBuildFile; fileRef = A7B4A226238C356B00D5EFC2 /* MasterViewController.swift */; };
		A7B4A229238C356B00D5EFC2 /* EmployeeDetailsViewController.swift in Sources */ = {isa = PBXBuildFile; fileRef = A7B4A228238C356B00D5EFC2 /* EmployeeDetailsViewController.swift */; };
		A7B4A22C238C356B00D5EFC2 /* Main.storyboard in Resources */ = {isa = PBXBuildFile; fileRef = A7B4A22A238C356B00D5EFC2 /* Main.storyboard */; };
		A7B4A22E238C356E00D5EFC2 /* Assets.xcassets in Resources */ = {isa = PBXBuildFile; fileRef = A7B4A22D238C356E00D5EFC2 /* Assets.xcassets */; };
		A7B4A231238C356E00D5EFC2 /* LaunchScreen.storyboard in Resources */ = {isa = PBXBuildFile; fileRef = A7B4A22F238C356E00D5EFC2 /* LaunchScreen.storyboard */; };
		A7B4A23C238C356F00D5EFC2 /* PrecisionTests.swift in Sources */ = {isa = PBXBuildFile; fileRef = A7B4A23B238C356F00D5EFC2 /* PrecisionTests.swift */; };
		A7B4A247238C356F00D5EFC2 /* PrecisionUITests.swift in Sources */ = {isa = PBXBuildFile; fileRef = A7B4A246238C356F00D5EFC2 /* PrecisionUITests.swift */; };
		A7B4A255238C446600D5EFC2 /* NewEmployeeViewController.swift in Sources */ = {isa = PBXBuildFile; fileRef = A7B4A254238C446600D5EFC2 /* NewEmployeeViewController.swift */; };
		A7B4A257238C48E200D5EFC2 /* EmployeeTableViewCell.swift in Sources */ = {isa = PBXBuildFile; fileRef = A7B4A256238C48E200D5EFC2 /* EmployeeTableViewCell.swift */; };
/* End PBXBuildFile section */

/* Begin PBXContainerItemProxy section */
		A7B4A238238C356F00D5EFC2 /* PBXContainerItemProxy */ = {
			isa = PBXContainerItemProxy;
			containerPortal = A7B4A219238C356B00D5EFC2 /* Project object */;
			proxyType = 1;
			remoteGlobalIDString = A7B4A220238C356B00D5EFC2;
			remoteInfo = Precision;
		};
		A7B4A243238C356F00D5EFC2 /* PBXContainerItemProxy */ = {
			isa = PBXContainerItemProxy;
			containerPortal = A7B4A219238C356B00D5EFC2 /* Project object */;
			proxyType = 1;
			remoteGlobalIDString = A7B4A220238C356B00D5EFC2;
			remoteInfo = Precision;
		};
/* End PBXContainerItemProxy section */

/* Begin PBXFileReference section */
		A7B4A221238C356B00D5EFC2 /* Precision.app */ = {isa = PBXFileReference; explicitFileType = wrapper.application; includeInIndex = 0; path = Precision.app; sourceTree = BUILT_PRODUCTS_DIR; };
		A7B4A224238C356B00D5EFC2 /* AppDelegate.swift */ = {isa = PBXFileReference; lastKnownFileType = sourcecode.swift; path = AppDelegate.swift; sourceTree = "<group>"; };
		A7B4A226238C356B00D5EFC2 /* MasterViewController.swift */ = {isa = PBXFileReference; lastKnownFileType = sourcecode.swift; path = MasterViewController.swift; sourceTree = "<group>"; };
		A7B4A228238C356B00D5EFC2 /* EmployeeDetailsViewController.swift */ = {isa = PBXFileReference; lastKnownFileType = sourcecode.swift; path = EmployeeDetailsViewController.swift; sourceTree = "<group>"; };
		A7B4A22B238C356B00D5EFC2 /* Base */ = {isa = PBXFileReference; lastKnownFileType = file.storyboard; name = Base; path = Base.lproj/Main.storyboard; sourceTree = "<group>"; };
		A7B4A22D238C356E00D5EFC2 /* Assets.xcassets */ = {isa = PBXFileReference; lastKnownFileType = folder.assetcatalog; path = Assets.xcassets; sourceTree = "<group>"; };
		A7B4A230238C356E00D5EFC2 /* Base */ = {isa = PBXFileReference; lastKnownFileType = file.storyboard; name = Base; path = Base.lproj/LaunchScreen.storyboard; sourceTree = "<group>"; };
		A7B4A232238C356E00D5EFC2 /* Info.plist */ = {isa = PBXFileReference; lastKnownFileType = text.plist.xml; path = Info.plist; sourceTree = "<group>"; };
		A7B4A237238C356F00D5EFC2 /* PrecisionTests.xctest */ = {isa = PBXFileReference; explicitFileType = wrapper.cfbundle; includeInIndex = 0; path = PrecisionTests.xctest; sourceTree = BUILT_PRODUCTS_DIR; };
		A7B4A23B238C356F00D5EFC2 /* PrecisionTests.swift */ = {isa = PBXFileReference; lastKnownFileType = sourcecode.swift; path = PrecisionTests.swift; sourceTree = "<group>"; };
		A7B4A23D238C356F00D5EFC2 /* Info.plist */ = {isa = PBXFileReference; lastKnownFileType = text.plist.xml; path = Info.plist; sourceTree = "<group>"; };
		A7B4A242238C356F00D5EFC2 /* PrecisionUITests.xctest */ = {isa = PBXFileReference; explicitFileType = wrapper.cfbundle; includeInIndex = 0; path = PrecisionUITests.xctest; sourceTree = BUILT_PRODUCTS_DIR; };
		A7B4A246238C356F00D5EFC2 /* PrecisionUITests.swift */ = {isa = PBXFileReference; lastKnownFileType = sourcecode.swift; path = PrecisionUITests.swift; sourceTree = "<group>"; };
		A7B4A248238C356F00D5EFC2 /* Info.plist */ = {isa = PBXFileReference; lastKnownFileType = text.plist.xml; path = Info.plist; sourceTree = "<group>"; };
		A7B4A254238C446600D5EFC2 /* NewEmployeeViewController.swift */ = {isa = PBXFileReference; lastKnownFileType = sourcecode.swift; path = NewEmployeeViewController.swift; sourceTree = "<group>"; };
		A7B4A256238C48E200D5EFC2 /* EmployeeTableViewCell.swift */ = {isa = PBXFileReference; lastKnownFileType = sourcecode.swift; path = EmployeeTableViewCell.swift; sourceTree = "<group>"; };
/* End PBXFileReference section */

/* Begin PBXFrameworksBuildPhase section */
		A7B4A21E238C356B00D5EFC2 /* Frameworks */ = {
			isa = PBXFrameworksBuildPhase;
			buildActionMask = 2147483647;
			files = (
			);
			runOnlyForDeploymentPostprocessing = 0;
		};
		A7B4A234238C356F00D5EFC2 /* Frameworks */ = {
			isa = PBXFrameworksBuildPhase;
			buildActionMask = 2147483647;
			files = (
			);
			runOnlyForDeploymentPostprocessing = 0;
		};
		A7B4A23F238C356F00D5EFC2 /* Frameworks */ = {
			isa = PBXFrameworksBuildPhase;
			buildActionMask = 2147483647;
			files = (
			);
			runOnlyForDeploymentPostprocessing = 0;
		};
/* End PBXFrameworksBuildPhase section */

/* Begin PBXGroup section */
		A7B4A218238C356B00D5EFC2 = {
			isa = PBXGroup;
			children = (
				A7B4A223238C356B00D5EFC2 /* Precision */,
				A7B4A23A238C356F00D5EFC2 /* PrecisionTests */,
				A7B4A245238C356F00D5EFC2 /* PrecisionUITests */,
				A7B4A222238C356B00D5EFC2 /* Products */,
			);
			sourceTree = "<group>";
		};
		A7B4A222238C356B00D5EFC2 /* Products */ = {
			isa = PBXGroup;
			children = (
				A7B4A221238C356B00D5EFC2 /* Precision.app */,
				A7B4A237238C356F00D5EFC2 /* PrecisionTests.xctest */,
				A7B4A242238C356F00D5EFC2 /* PrecisionUITests.xctest */,
			);
			name = Products;
			sourceTree = "<group>";
		};
		A7B4A223238C356B00D5EFC2 /* Precision */ = {
			isa = PBXGroup;
			children = (
				A7B4A224238C356B00D5EFC2 /* AppDelegate.swift */,
				A7FAD33E238D7B0B00508C87 /* View */,
				A7FAD33F238D7B1000508C87 /* Controller */,
				A7B4A22A238C356B00D5EFC2 /* Main.storyboard */,
				A7B4A22D238C356E00D5EFC2 /* Assets.xcassets */,
				A7B4A22F238C356E00D5EFC2 /* LaunchScreen.storyboard */,
				A7B4A232238C356E00D5EFC2 /* Info.plist */,
			);
			path = Precision;
			sourceTree = "<group>";
		};
		A7B4A23A238C356F00D5EFC2 /* PrecisionTests */ = {
			isa = PBXGroup;
			children = (
				A7B4A23B238C356F00D5EFC2 /* PrecisionTests.swift */,
				A7B4A23D238C356F00D5EFC2 /* Info.plist */,
			);
			path = PrecisionTests;
			sourceTree = "<group>";
		};
		A7B4A245238C356F00D5EFC2 /* PrecisionUITests */ = {
			isa = PBXGroup;
			children = (
				A7B4A246238C356F00D5EFC2 /* PrecisionUITests.swift */,
				A7B4A248238C356F00D5EFC2 /* Info.plist */,
			);
			path = PrecisionUITests;
			sourceTree = "<group>";
		};
		A7FAD33E238D7B0B00508C87 /* View */ = {
			isa = PBXGroup;
			children = (
				A7B4A256238C48E200D5EFC2 /* EmployeeTableViewCell.swift */,
			);
			path = View;
			sourceTree = "<group>";
		};
		A7FAD33F238D7B1000508C87 /* Controller */ = {
			isa = PBXGroup;
			children = (
				A7B4A226238C356B00D5EFC2 /* MasterViewController.swift */,
				A7B4A254238C446600D5EFC2 /* NewEmployeeViewController.swift */,
				A7B4A228238C356B00D5EFC2 /* EmployeeDetailsViewController.swift */,
			);
			path = Controller;
			sourceTree = "<group>";
		};
/* End PBXGroup section */

/* Begin PBXNativeTarget section */
		A7B4A220238C356B00D5EFC2 /* Precision */ = {
			isa = PBXNativeTarget;
			buildConfigurationList = A7B4A24B238C356F00D5EFC2 /* Build configuration list for PBXNativeTarget "Precision" */;
			buildPhases = (
				A7B4A21D238C356B00D5EFC2 /* Sources */,
				A7B4A21E238C356B00D5EFC2 /* Frameworks */,
				A7B4A21F238C356B00D5EFC2 /* Resources */,
			);
			buildRules = (
			);
			dependencies = (
			);
			name = Precision;
			productName = Precision;
			productReference = A7B4A221238C356B00D5EFC2 /* Precision.app */;
			productType = "com.apple.product-type.application";
		};
		A7B4A236238C356F00D5EFC2 /* PrecisionTests */ = {
			isa = PBXNativeTarget;
			buildConfigurationList = A7B4A24E238C356F00D5EFC2 /* Build configuration list for PBXNativeTarget "PrecisionTests" */;
			buildPhases = (
				A7B4A233238C356F00D5EFC2 /* Sources */,
				A7B4A234238C356F00D5EFC2 /* Frameworks */,
				A7B4A235238C356F00D5EFC2 /* Resources */,
			);
			buildRules = (
			);
			dependencies = (
				A7B4A239238C356F00D5EFC2 /* PBXTargetDependency */,
			);
			name = PrecisionTests;
			productName = PrecisionTests;
			productReference = A7B4A237238C356F00D5EFC2 /* PrecisionTests.xctest */;
			productType = "com.apple.product-type.bundle.unit-test";
		};
		A7B4A241238C356F00D5EFC2 /* PrecisionUITests */ = {
			isa = PBXNativeTarget;
			buildConfigurationList = A7B4A251238C356F00D5EFC2 /* Build configuration list for PBXNativeTarget "PrecisionUITests" */;
			buildPhases = (
				A7B4A23E238C356F00D5EFC2 /* Sources */,
				A7B4A23F238C356F00D5EFC2 /* Frameworks */,
				A7B4A240238C356F00D5EFC2 /* Resources */,
			);
			buildRules = (
			);
			dependencies = (
				A7B4A244238C356F00D5EFC2 /* PBXTargetDependency */,
			);
			name = PrecisionUITests;
			productName = PrecisionUITests;
			productReference = A7B4A242238C356F00D5EFC2 /* PrecisionUITests.xctest */;
			productType = "com.apple.product-type.bundle.ui-testing";
		};
/* End PBXNativeTarget section */

/* Begin PBXProject section */
		A7B4A219238C356B00D5EFC2 /* Project object */ = {
			isa = PBXProject;
			attributes = {
				LastSwiftUpdateCheck = 1020;
				LastUpgradeCheck = 1020;
				ORGANIZATIONNAME = "Radu Mitrea";
				TargetAttributes = {
					A7B4A220238C356B00D5EFC2 = {
						CreatedOnToolsVersion = 10.2.1;
					};
					A7B4A236238C356F00D5EFC2 = {
						CreatedOnToolsVersion = 10.2.1;
						TestTargetID = A7B4A220238C356B00D5EFC2;
					};
					A7B4A241238C356F00D5EFC2 = {
						CreatedOnToolsVersion = 10.2.1;
						TestTargetID = A7B4A220238C356B00D5EFC2;
					};
				};
			};
			buildConfigurationList = A7B4A21C238C356B00D5EFC2 /* Build configuration list for PBXProject "Precision" */;
			compatibilityVersion = "Xcode 9.3";
			developmentRegion = en;
			hasScannedForEncodings = 0;
			knownRegions = (
				en,
				Base,
			);
			mainGroup = A7B4A218238C356B00D5EFC2;
			productRefGroup = A7B4A222238C356B00D5EFC2 /* Products */;
			projectDirPath = "";
			projectRoot = "";
			targets = (
				A7B4A220238C356B00D5EFC2 /* Precision */,
				A7B4A236238C356F00D5EFC2 /* PrecisionTests */,
				A7B4A241238C356F00D5EFC2 /* PrecisionUITests */,
			);
		};
/* End PBXProject section */

/* Begin PBXResourcesBuildPhase section */
		A7B4A21F238C356B00D5EFC2 /* Resources */ = {
			isa = PBXResourcesBuildPhase;
			buildActionMask = 2147483647;
			files = (
				A7B4A231238C356E00D5EFC2 /* LaunchScreen.storyboard in Resources */,
				A7B4A22E238C356E00D5EFC2 /* Assets.xcassets in Resources */,
				A7B4A22C238C356B00D5EFC2 /* Main.storyboard in Resources */,
			);
			runOnlyForDeploymentPostprocessing = 0;
		};
		A7B4A235238C356F00D5EFC2 /* Resources */ = {
			isa = PBXResourcesBuildPhase;
			buildActionMask = 2147483647;
			files = (
			);
			runOnlyForDeploymentPostprocessing = 0;
		};
		A7B4A240238C356F00D5EFC2 /* Resources */ = {
			isa = PBXResourcesBuildPhase;
			buildActionMask = 2147483647;
			files = (
			);
			runOnlyForDeploymentPostprocessing = 0;
		};
/* End PBXResourcesBuildPhase section */

/* Begin PBXSourcesBuildPhase section */
		A7B4A21D238C356B00D5EFC2 /* Sources */ = {
			isa = PBXSourcesBuildPhase;
			buildActionMask = 2147483647;
			files = (
				A7B4A229238C356B00D5EFC2 /* EmployeeDetailsViewController.swift in Sources */,
				A7B4A227238C356B00D5EFC2 /* MasterViewController.swift in Sources */,
				A7B4A225238C356B00D5EFC2 /* AppDelegate.swift in Sources */,
				A7B4A257238C48E200D5EFC2 /* EmployeeTableViewCell.swift in Sources */,
				A7B4A255238C446600D5EFC2 /* NewEmployeeViewController.swift in Sources */,
			);
			runOnlyForDeploymentPostprocessing = 0;
		};
		A7B4A233238C356F00D5EFC2 /* Sources */ = {
			isa = PBXSourcesBuildPhase;
			buildActionMask = 2147483647;
			files = (
				A7B4A23C238C356F00D5EFC2 /* PrecisionTests.swift in Sources */,
			);
			runOnlyForDeploymentPostprocessing = 0;
		};
		A7B4A23E238C356F00D5EFC2 /* Sources */ = {
			isa = PBXSourcesBuildPhase;
			buildActionMask = 2147483647;
			files = (
				A7B4A247238C356F00D5EFC2 /* PrecisionUITests.swift in Sources */,
			);
			runOnlyForDeploymentPostprocessing = 0;
		};
/* End PBXSourcesBuildPhase section */

/* Begin PBXTargetDependency section */
		A7B4A239238C356F00D5EFC2 /* PBXTargetDependency */ = {
			isa = PBXTargetDependency;
			target = A7B4A220238C356B00D5EFC2 /* Precision */;
			targetProxy = A7B4A238238C356F00D5EFC2 /* PBXContainerItemProxy */;
		};
		A7B4A244238C356F00D5EFC2 /* PBXTargetDependency */ = {
			isa = PBXTargetDependency;
			target = A7B4A220238C356B00D5EFC2 /* Precision */;
			targetProxy = A7B4A243238C356F00D5EFC2 /* PBXContainerItemProxy */;
		};
/* End PBXTargetDependency section */

/* Begin PBXVariantGroup section */
		A7B4A22A238C356B00D5EFC2 /* Main.storyboard */ = {
			isa = PBXVariantGroup;
			children = (
				A7B4A22B238C356B00D5EFC2 /* Base */,
			);
			name = Main.storyboard;
			sourceTree = "<group>";
		};
		A7B4A22F238C356E00D5EFC2 /* LaunchScreen.storyboard */ = {
			isa = PBXVariantGroup;
			children = (
				A7B4A230238C356E00D5EFC2 /* Base */,
			);
			name = LaunchScreen.storyboard;
			sourceTree = "<group>";
		};
/* End PBXVariantGroup section */

/* Begin XCBuildConfiguration section */
		A7B4A249238C356F00D5EFC2 /* Debug */ = {
			isa = XCBuildConfiguration;
			buildSettings = {
				ALWAYS_SEARCH_USER_PATHS = NO;
				CLANG_ANALYZER_NONNULL = YES;
				CLANG_ANALYZER_NUMBER_OBJECT_CONVERSION = YES_AGGRESSIVE;
				CLANG_CXX_LANGUAGE_STANDARD = "gnu++14";
				CLANG_CXX_LIBRARY = "libc++";
				CLANG_ENABLE_MODULES = YES;
				CLANG_ENABLE_OBJC_ARC = YES;
				CLANG_ENABLE_OBJC_WEAK = YES;
				CLANG_WARN_BLOCK_CAPTURE_AUTORELEASING = YES;
				CLANG_WARN_BOOL_CONVERSION = YES;
				CLANG_WARN_COMMA = YES;
				CLANG_WARN_CONSTANT_CONVERSION = YES;
				CLANG_WARN_DEPRECATED_OBJC_IMPLEMENTATIONS = YES;
				CLANG_WARN_DIRECT_OBJC_ISA_USAGE = YES_ERROR;
				CLANG_WARN_DOCUMENTATION_COMMENTS = YES;
				CLANG_WARN_EMPTY_BODY = YES;
				CLANG_WARN_ENUM_CONVERSION = YES;
				CLANG_WARN_INFINITE_RECURSION = YES;
				CLANG_WARN_INT_CONVERSION = YES;
				CLANG_WARN_NON_LITERAL_NULL_CONVERSION = YES;
				CLANG_WARN_OBJC_IMPLICIT_RETAIN_SELF = YES;
				CLANG_WARN_OBJC_LITERAL_CONVERSION = YES;
				CLANG_WARN_OBJC_ROOT_CLASS = YES_ERROR;
				CLANG_WARN_RANGE_LOOP_ANALYSIS = YES;
				CLANG_WARN_STRICT_PROTOTYPES = YES;
				CLANG_WARN_SUSPICIOUS_MOVE = YES;
				CLANG_WARN_UNGUARDED_AVAILABILITY = YES_AGGRESSIVE;
				CLANG_WARN_UNREACHABLE_CODE = YES;
				CLANG_WARN__DUPLICATE_METHOD_MATCH = YES;
				CODE_SIGN_IDENTITY = "iPhone Developer";
				COPY_PHASE_STRIP = NO;
				DEBUG_INFORMATION_FORMAT = dwarf;
				ENABLE_STRICT_OBJC_MSGSEND = YES;
				ENABLE_TESTABILITY = YES;
				GCC_C_LANGUAGE_STANDARD = gnu11;
				GCC_DYNAMIC_NO_PIC = NO;
				GCC_NO_COMMON_BLOCKS = YES;
				GCC_OPTIMIZATION_LEVEL = 0;
				GCC_PREPROCESSOR_DEFINITIONS = (
					"DEBUG=1",
					"$(inherited)",
				);
				GCC_WARN_64_TO_32_BIT_CONVERSION = YES;
				GCC_WARN_ABOUT_RETURN_TYPE = YES_ERROR;
				GCC_WARN_UNDECLARED_SELECTOR = YES;
				GCC_WARN_UNINITIALIZED_AUTOS = YES_AGGRESSIVE;
				GCC_WARN_UNUSED_FUNCTION = YES;
				GCC_WARN_UNUSED_VARIABLE = YES;
				IPHONEOS_DEPLOYMENT_TARGET = 12.2;
				MTL_ENABLE_DEBUG_INFO = INCLUDE_SOURCE;
				MTL_FAST_MATH = YES;
				ONLY_ACTIVE_ARCH = YES;
				SDKROOT = iphoneos;
				SWIFT_ACTIVE_COMPILATION_CONDITIONS = DEBUG;
				SWIFT_OPTIMIZATION_LEVEL = "-Onone";
			};
			name = Debug;
		};
		A7B4A24A238C356F00D5EFC2 /* Release */ = {
			isa = XCBuildConfiguration;
			buildSettings = {
				ALWAYS_SEARCH_USER_PATHS = NO;
				CLANG_ANALYZER_NONNULL = YES;
				CLANG_ANALYZER_NUMBER_OBJECT_CONVERSION = YES_AGGRESSIVE;
				CLANG_CXX_LANGUAGE_STANDARD = "gnu++14";
				CLANG_CXX_LIBRARY = "libc++";
				CLANG_ENABLE_MODULES = YES;
				CLANG_ENABLE_OBJC_ARC = YES;
				CLANG_ENABLE_OBJC_WEAK = YES;
				CLANG_WARN_BLOCK_CAPTURE_AUTORELEASING = YES;
				CLANG_WARN_BOOL_CONVERSION = YES;
				CLANG_WARN_COMMA = YES;
				CLANG_WARN_CONSTANT_CONVERSION = YES;
				CLANG_WARN_DEPRECATED_OBJC_IMPLEMENTATIONS = YES;
				CLANG_WARN_DIRECT_OBJC_ISA_USAGE = YES_ERROR;
				CLANG_WARN_DOCUMENTATION_COMMENTS = YES;
				CLANG_WARN_EMPTY_BODY = YES;
				CLANG_WARN_ENUM_CONVERSION = YES;
				CLANG_WARN_INFINITE_RECURSION = YES;
				CLANG_WARN_INT_CONVERSION = YES;
				CLANG_WARN_NON_LITERAL_NULL_CONVERSION = YES;
				CLANG_WARN_OBJC_IMPLICIT_RETAIN_SELF = YES;
				CLANG_WARN_OBJC_LITERAL_CONVERSION = YES;
				CLANG_WARN_OBJC_ROOT_CLASS = YES_ERROR;
				CLANG_WARN_RANGE_LOOP_ANALYSIS = YES;
				CLANG_WARN_STRICT_PROTOTYPES = YES;
				CLANG_WARN_SUSPICIOUS_MOVE = YES;
				CLANG_WARN_UNGUARDED_AVAILABILITY = YES_AGGRESSIVE;
				CLANG_WARN_UNREACHABLE_CODE = YES;
				CLANG_WARN__DUPLICATE_METHOD_MATCH = YES;
				CODE_SIGN_IDENTITY = "iPhone Developer";
				COPY_PHASE_STRIP = NO;
				DEBUG_INFORMATION_FORMAT = "dwarf-with-dsym";
				ENABLE_NS_ASSERTIONS = NO;
				ENABLE_STRICT_OBJC_MSGSEND = YES;
				GCC_C_LANGUAGE_STANDARD = gnu11;
				GCC_NO_COMMON_BLOCKS = YES;
				GCC_WARN_64_TO_32_BIT_CONVERSION = YES;
				GCC_WARN_ABOUT_RETURN_TYPE = YES_ERROR;
				GCC_WARN_UNDECLARED_SELECTOR = YES;
				GCC_WARN_UNINITIALIZED_AUTOS = YES_AGGRESSIVE;
				GCC_WARN_UNUSED_FUNCTION = YES;
				GCC_WARN_UNUSED_VARIABLE = YES;
				IPHONEOS_DEPLOYMENT_TARGET = 12.2;
				MTL_ENABLE_DEBUG_INFO = NO;
				MTL_FAST_MATH = YES;
				SDKROOT = iphoneos;
				SWIFT_COMPILATION_MODE = wholemodule;
				SWIFT_OPTIMIZATION_LEVEL = "-O";
				VALIDATE_PRODUCT = YES;
			};
			name = Release;
		};
		A7B4A24C238C356F00D5EFC2 /* Debug */ = {
			isa = XCBuildConfiguration;
			buildSettings = {
				ASSETCATALOG_COMPILER_APPICON_NAME = AppIcon;
				CODE_SIGN_STYLE = Automatic;
				DEVELOPMENT_TEAM = GDBDL27V99;
				INFOPLIST_FILE = Precision/Info.plist;
				LD_RUNPATH_SEARCH_PATHS = (
					"$(inherited)",
					"@executable_path/Frameworks",
				);
				PRODUCT_BUNDLE_IDENTIFIER = com.RaduMitrea.Precision;
				PRODUCT_NAME = "$(TARGET_NAME)";
				SWIFT_VERSION = 5.0;
				TARGETED_DEVICE_FAMILY = "1,2";
			};
			name = Debug;
		};
		A7B4A24D238C356F00D5EFC2 /* Release */ = {
			isa = XCBuildConfiguration;
			buildSettings = {
				ASSETCATALOG_COMPILER_APPICON_NAME = AppIcon;
				CODE_SIGN_STYLE = Automatic;
				DEVELOPMENT_TEAM = GDBDL27V99;
				INFOPLIST_FILE = Precision/Info.plist;
				LD_RUNPATH_SEARCH_PATHS = (
					"$(inherited)",
					"@executable_path/Frameworks",
				);
				PRODUCT_BUNDLE_IDENTIFIER = com.RaduMitrea.Precision;
				PRODUCT_NAME = "$(TARGET_NAME)";
				SWIFT_VERSION = 5.0;
				TARGETED_DEVICE_FAMILY = "1,2";
			};
			name = Release;
		};
		A7B4A24F238C356F00D5EFC2 /* Debug */ = {
			isa = XCBuildConfiguration;
			buildSettings = {
				ALWAYS_EMBED_SWIFT_STANDARD_LIBRARIES = YES;
				BUNDLE_LOADER = "$(TEST_HOST)";
				CODE_SIGN_STYLE = Automatic;
				DEVELOPMENT_TEAM = GDBDL27V99;
				INFOPLIST_FILE = PrecisionTests/Info.plist;
				LD_RUNPATH_SEARCH_PATHS = (
					"$(inherited)",
					"@executable_path/Frameworks",
					"@loader_path/Frameworks",
				);
				PRODUCT_BUNDLE_IDENTIFIER = com.RaduMitrea.PrecisionTests;
				PRODUCT_NAME = "$(TARGET_NAME)";
				SWIFT_VERSION = 5.0;
				TARGETED_DEVICE_FAMILY = "1,2";
				TEST_HOST = "$(BUILT_PRODUCTS_DIR)/Precision.app/Precision";
			};
			name = Debug;
		};
		A7B4A250238C356F00D5EFC2 /* Release */ = {
			isa = XCBuildConfiguration;
			buildSettings = {
				ALWAYS_EMBED_SWIFT_STANDARD_LIBRARIES = YES;
				BUNDLE_LOADER = "$(TEST_HOST)";
				CODE_SIGN_STYLE = Automatic;
				DEVELOPMENT_TEAM = GDBDL27V99;
				INFOPLIST_FILE = PrecisionTests/Info.plist;
				LD_RUNPATH_SEARCH_PATHS = (
					"$(inherited)",
					"@executable_path/Frameworks",
					"@loader_path/Frameworks",
				);
				PRODUCT_BUNDLE_IDENTIFIER = com.RaduMitrea.PrecisionTests;
				PRODUCT_NAME = "$(TARGET_NAME)";
				SWIFT_VERSION = 5.0;
				TARGETED_DEVICE_FAMILY = "1,2";
				TEST_HOST = "$(BUILT_PRODUCTS_DIR)/Precision.app/Precision";
			};
			name = Release;
		};
		A7B4A252238C356F00D5EFC2 /* Debug */ = {
			isa = XCBuildConfiguration;
			buildSettings = {
				ALWAYS_EMBED_SWIFT_STANDARD_LIBRARIES = YES;
				CODE_SIGN_STYLE = Automatic;
				DEVELOPMENT_TEAM = GDBDL27V99;
				INFOPLIST_FILE = PrecisionUITests/Info.plist;
				LD_RUNPATH_SEARCH_PATHS = (
					"$(inherited)",
					"@executable_path/Frameworks",
					"@loader_path/Frameworks",
				);
				PRODUCT_BUNDLE_IDENTIFIER = com.RaduMitrea.PrecisionUITests;
				PRODUCT_NAME = "$(TARGET_NAME)";
				SWIFT_VERSION = 5.0;
				TARGETED_DEVICE_FAMILY = "1,2";
				TEST_TARGET_NAME = Precision;
			};
			name = Debug;
		};
		A7B4A253238C356F00D5EFC2 /* Release */ = {
			isa = XCBuildConfiguration;
			buildSettings = {
				ALWAYS_EMBED_SWIFT_STANDARD_LIBRARIES = YES;
				CODE_SIGN_STYLE = Automatic;
				DEVELOPMENT_TEAM = GDBDL27V99;
				INFOPLIST_FILE = PrecisionUITests/Info.plist;
				LD_RUNPATH_SEARCH_PATHS = (
					"$(inherited)",
					"@executable_path/Frameworks",
					"@loader_path/Frameworks",
				);
				PRODUCT_BUNDLE_IDENTIFIER = com.RaduMitrea.PrecisionUITests;
				PRODUCT_NAME = "$(TARGET_NAME)";
				SWIFT_VERSION = 5.0;
				TARGETED_DEVICE_FAMILY = "1,2";
				TEST_TARGET_NAME = Precision;
			};
			name = Release;
		};
/* End XCBuildConfiguration section */

/* Begin XCConfigurationList section */
		A7B4A21C238C356B00D5EFC2 /* Build configuration list for PBXProject "Precision" */ = {
			isa = XCConfigurationList;
			buildConfigurations = (
				A7B4A249238C356F00D5EFC2 /* Debug */,
				A7B4A24A238C356F00D5EFC2 /* Release */,
			);
			defaultConfigurationIsVisible = 0;
			defaultConfigurationName = Release;
		};
		A7B4A24B238C356F00D5EFC2 /* Build configuration list for PBXNativeTarget "Precision" */ = {
			isa = XCConfigurationList;
			buildConfigurations = (
				A7B4A24C238C356F00D5EFC2 /* Debug */,
				A7B4A24D238C356F00D5EFC2 /* Release */,
			);
			defaultConfigurationIsVisible = 0;
			defaultConfigurationName = Release;
		};
		A7B4A24E238C356F00D5EFC2 /* Build configuration list for PBXNativeTarget "PrecisionTests" */ = {
			isa = XCConfigurationList;
			buildConfigurations = (
				A7B4A24F238C356F00D5EFC2 /* Debug */,
				A7B4A250238C356F00D5EFC2 /* Release */,
			);
			defaultConfigurationIsVisible = 0;
			defaultConfigurationName = Release;
		};
		A7B4A251238C356F00D5EFC2 /* Build configuration list for PBXNativeTarget "PrecisionUITests" */ = {
			isa = XCConfigurationList;
			buildConfigurations = (
				A7B4A252238C356F00D5EFC2 /* Debug */,
				A7B4A253238C356F00D5EFC2 /* Release */,
			);
			defaultConfigurationIsVisible = 0;
			defaultConfigurationName = Release;
		};
/* End XCConfigurationList section */
	};
	rootObject = A7B4A219238C356B00D5EFC2 /* Project object */;
}
